
Microsoft Visual Studio Solution File, Format Version 12.00
# Visual Studio Version 17
VisualStudioVersion = 17.14.36121.58 d17.14
MinimumVisualStudioVersion = 10.0.40219.1
Project("{FAE04EC0-301F-11D3-BF4B-00C04F79EFBC}") = "BlazorMultiplayerGame", "BlazorMultiplayerGame\BlazorMultiplayerGame\BlazorMultiplayerGame.csproj", "{730DAFEE-09E4-43FE-9AED-1C9783035F31}"
EndProject
Project("{FAE04EC0-301F-11D3-BF4B-00C04F79EFBC}") = "BlazorMultiplayerGame.Shared", "BlazorMultiplayerGame\BlazorMultiplayerGame.Shared\BlazorMultiplayerGame.Shared.csproj", "{404FEC60-CB15-4CB1-937C-BF19D906C4BC}"
EndProject
Project("{FAE04EC0-301F-11D3-BF4B-00C04F79EFBC}") = "BlazorMultiplayerGame.Web", "BlazorMultiplayerGame\BlazorMultiplayerGame.Web\BlazorMultiplayerGame.Web.csproj", "{BA671270-3EA6-4199-8DED-E43D22DC6008}"
EndProject
Global
	GlobalSection(SolutionConfigurationPlatforms) = preSolution
		Debug|Any CPU = Debug|Any CPU
		Release|Any CPU = Release|Any CPU
	EndGlobalSection
	GlobalSection(ProjectConfigurationPlatforms) = postSolution
		{730DAFEE-09E4-43FE-9AED-1C9783035F31}.Debug|Any CPU.ActiveCfg = Debug|Any CPU
		{730DAFEE-09E4-43FE-9AED-1C9783035F31}.Debug|Any CPU.Build.0 = Debug|Any CPU
		{730DAFEE-09E4-43FE-9AED-1C9783035F31}.Release|Any CPU.ActiveCfg = Release|Any CPU
		{730DAFEE-09E4-43FE-9AED-1C9783035F31}.Release|Any CPU.Build.0 = Release|Any CPU
		{404FEC60-CB15-4CB1-937C-BF19D906C4BC}.Debug|Any CPU.ActiveCfg = Debug|Any CPU
		{404FEC60-CB15-4CB1-937C-BF19D906C4BC}.Debug|Any CPU.Build.0 = Debug|Any CPU
		{404FEC60-CB15-4CB1-937C-BF19D906C4BC}.Release|Any CPU.ActiveCfg = Release|Any CPU
		{404FEC60-CB15-4CB1-937C-BF19D906C4BC}.Release|Any CPU.Build.0 = Release|Any CPU
		{BA671270-3EA6-4199-8DED-E43D22DC6008}.Debug|Any CPU.ActiveCfg = Debug|Any CPU
		{BA671270-3EA6-4199-8DED-E43D22DC6008}.Debug|Any CPU.Build.0 = Debug|Any CPU
		{BA671270-3EA6-4199-8DED-E43D22DC6008}.Release|Any CPU.ActiveCfg = Release|Any CPU
		{BA671270-3EA6-4199-8DED-E43D22DC6008}.Release|Any CPU.Build.0 = Release|Any CPU
	EndGlobalSection
	GlobalSection(SolutionProperties) = preSolution
		HideSolutionNode = FALSE
	EndGlobalSection
	GlobalSection(ExtensibilityGlobals) = postSolution
		SolutionGuid = {36667EEA-5CF2-4F7E-AB44-7443FC1945F8}
	EndGlobalSection
EndGlobal
